{
  "lockfileVersion": 1,
  "configVersion": 0,
  "workspaces": {
    "": {
      "name": "yatermiusexporter",
      "dependencies": {
        "libsodium-wrappers": "^0.8.4",
        "snappyjs": "^0.7.0",
      },
    },
  },
  "packages": {
    "libsodium": ["libsodium@0.8.4", "", {}, "sha512-lMcYaRi0zcs7tarATsQUYC7rstliIXZuoq0c6zXSgNtSNtdvBgkSegjWhpMJAXzKX3SUSwIp7+zEsob+j3LuRw=="],

    "libsodium-wrappers": ["libsodium-wrappers@0.8.4", "", { "dependencies": { "libsodium": "^0.8.0" } }, "sha512-mu8aAWucZjTB5O/BtGXtW4e1agy7uHxNYG7zPthmmD1jU43LCDmSWZLN4JhflbdPXj3yDO4lxM1O9hLDgIOXDw=="],

    "snappyjs": ["snappyjs@0.7.0", "", {}, "sha512-u5iEEXkMe2EInQio6Wv9LWHOQYRDbD2O9hzS27GpT/lwfIQhTCnHCTqedqHIHe9ZcvQo+9au6vngQayipz1NYw=="],
  }
}
