{
  "name": "yatermiusexporter",
  "version": "1.0.0",
  "lockfileVersion": 3,
  "requires": true,
  "packages": {
    "": {
      "name": "yatermiusexporter",
      "version": "1.0.0",
      "license": "MIT",
      "dependencies": {
        "libsodium-wrappers": "^0.8.4",
        "snappyjs": "^0.7.0"
      },
      "bin": {
        "yate": "bin/yate.js"
      }
    },
    "node_modules/libsodium": {
      "version": "0.8.4",
      "license": "ISC"
    },
    "node_modules/libsodium-wrappers": {
      "version": "0.8.4",
      "license": "ISC",
      "dependencies": {
        "libsodium": "^0.8.0"
      }
    },
    "node_modules/snappyjs": {
      "version": "0.7.0",
      "license": "MIT"
    }
  }
}
